
Microsoft Visual Studio Solution File, Format Version 12.00
# Visual Studio Version 17
VisualStudioVersion = 17.3.32811.315
MinimumVisualStudioVersion = 10.0.40219.1
Project("{FAE04EC0-301F-11D3-BF4B-00C04F79EFBC}") = "BulkyBookWeb", "BulkyBookWeb\BulkyBookWeb.csproj", "{D5C33812-E127-491B-A716-54DE7D67E7A0}"
EndProject
Global
	GlobalSection(SolutionConfigurationPlatforms) = preSolution
		Debug|Any CPU = Debug|Any CPU
		Release|Any CPU = Release|Any CPU
	EndGlobalSection
	GlobalSection(ProjectConfigurationPlatforms) = postSolution
		{D5C33812-E127-491B-A716-54DE7D67E7A0}.Debug|Any CPU.ActiveCfg = Debug|Any CPU
		{D5C33812-E127-491B-A716-54DE7D67E7A0}.Debug|Any CPU.Build.0 = Debug|Any CPU
		{D5C33812-E127-491B-A716-54DE7D67E7A0}.Release|Any CPU.ActiveCfg = Release|Any CPU
		{D5C33812-E127-491B-A716-54DE7D67E7A0}.Release|Any CPU.Build.0 = Release|Any CPU
	EndGlobalSection
	GlobalSection(SolutionProperties) = preSolution
		HideSolutionNode = FALSE
	EndGlobalSection
	GlobalSection(ExtensibilityGlobals) = postSolution
		SolutionGuid = {0BD32E04-6441-4CF7-9AB4-ACA124F5F4F8}
	EndGlobalSection
EndGlobal
